{
  "name": "Compliance Project-",
  "lockfileVersion": 3,
  "requires": true,
  "packages": {
    "": {
      "dependencies": {
        "@hugeicons/react": "^1.0.5"
      }
    },
    "node_modules/@hugeicons/react": {
      "version": "1.0.5",
      "resolved": "https://registry.npmjs.org/@hugeicons/react/-/react-1.0.5.tgz",
      "integrity": "sha512-mhcJF83hF4s0yu3eS6owDDzGSlSOGOFZ78eFbw7RqhNK/xYBLrffaBnqrtWWaUyr0F4o+RG2G1SYdyy9oyS1lQ==",
      "peerDependencies": {
        "react": ">=16.0.0"
      }
    },
    "node_modules/react": {
      "version": "19.1.1",
      "resolved": "https://registry.npmjs.org/react/-/react-19.1.1.tgz",
      "integrity": "sha512-w8nqGImo45dmMIfljjMwOGtbmC/mk4CMYhWIicdSflH91J9TyCyczcPFXJzrZ/ZXcgGRFeP6BU0BEJTw6tZdfQ==",
      "license": "MIT",
      "peer": true,
      "engines": {
        "node": ">=0.10.0"
      }
    }
  }
}
